
Microsoft Visual Studio Solution File, Format Version 12.00
# Visual Studio Version 16
VisualStudioVersion = 16.0.30114.105
MinimumVisualStudioVersion = 10.0.40219.1
Project("{FAE04EC0-301F-11D3-BF4B-00C04F79EFBC}") = "R5T.X0006.Construction", "R5T.X0006.Construction\R5T.X0006.Construction.csproj", "{08E007F1-FD1F-46F6-B43A-3E394834EAC3}"
EndProject
Project("{FAE04EC0-301F-11D3-BF4B-00C04F79EFBC}") = "R5T.X0006", "R5T.X0006\R5T.X0006.csproj", "{1676BC07-66A9-4C8F-81EB-FD5CB17F7598}"
EndProject
Global
	GlobalSection(SolutionConfigurationPlatforms) = preSolution
		Debug|Any CPU = Debug|Any CPU
		Debug|x64 = Debug|x64
		Debug|x86 = Debug|x86
		Release|Any CPU = Release|Any CPU
		Release|x64 = Release|x64
		Release|x86 = Release|x86
	EndGlobalSection
	GlobalSection(SolutionProperties) = preSolution
		HideSolutionNode = FALSE
	EndGlobalSection
	GlobalSection(ProjectConfigurationPlatforms) = postSolution
		{08E007F1-FD1F-46F6-B43A-3E394834EAC3}.Debug|Any CPU.ActiveCfg = Debug|Any CPU
		{08E007F1-FD1F-46F6-B43A-3E394834EAC3}.Debug|Any CPU.Build.0 = Debug|Any CPU
		{08E007F1-FD1F-46F6-B43A-3E394834EAC3}.Debug|x64.ActiveCfg = Debug|Any CPU
		{08E007F1-FD1F-46F6-B43A-3E394834EAC3}.Debug|x64.Build.0 = Debug|Any CPU
		{08E007F1-FD1F-46F6-B43A-3E394834EAC3}.Debug|x86.ActiveCfg = Debug|Any CPU
		{08E007F1-FD1F-46F6-B43A-3E394834EAC3}.Debug|x86.Build.0 = Debug|Any CPU
		{08E007F1-FD1F-46F6-B43A-3E394834EAC3}.Release|Any CPU.ActiveCfg = Release|Any CPU
		{08E007F1-FD1F-46F6-B43A-3E394834EAC3}.Release|Any CPU.Build.0 = Release|Any CPU
		{08E007F1-FD1F-46F6-B43A-3E394834EAC3}.Release|x64.ActiveCfg = Release|Any CPU
		{08E007F1-FD1F-46F6-B43A-3E394834EAC3}.Release|x64.Build.0 = Release|Any CPU
		{08E007F1-FD1F-46F6-B43A-3E394834EAC3}.Release|x86.ActiveCfg = Release|Any CPU
		{08E007F1-FD1F-46F6-B43A-3E394834EAC3}.Release|x86.Build.0 = Release|Any CPU
		{1676BC07-66A9-4C8F-81EB-FD5CB17F7598}.Debug|Any CPU.ActiveCfg = Debug|Any CPU
		{1676BC07-66A9-4C8F-81EB-FD5CB17F7598}.Debug|Any CPU.Build.0 = Debug|Any CPU
		{1676BC07-66A9-4C8F-81EB-FD5CB17F7598}.Debug|x64.ActiveCfg = Debug|Any CPU
		{1676BC07-66A9-4C8F-81EB-FD5CB17F7598}.Debug|x64.Build.0 = Debug|Any CPU
		{1676BC07-66A9-4C8F-81EB-FD5CB17F7598}.Debug|x86.ActiveCfg = Debug|Any CPU
		{1676BC07-66A9-4C8F-81EB-FD5CB17F7598}.Debug|x86.Build.0 = Debug|Any CPU
		{1676BC07-66A9-4C8F-81EB-FD5CB17F7598}.Release|Any CPU.ActiveCfg = Release|Any CPU
		{1676BC07-66A9-4C8F-81EB-FD5CB17F7598}.Release|Any CPU.Build.0 = Release|Any CPU
		{1676BC07-66A9-4C8F-81EB-FD5CB17F7598}.Release|x64.ActiveCfg = Release|Any CPU
		{1676BC07-66A9-4C8F-81EB-FD5CB17F7598}.Release|x64.Build.0 = Release|Any CPU
		{1676BC07-66A9-4C8F-81EB-FD5CB17F7598}.Release|x86.ActiveCfg = Release|Any CPU
		{1676BC07-66A9-4C8F-81EB-FD5CB17F7598}.Release|x86.Build.0 = Release|Any CPU
	EndGlobalSection
EndGlobal
